
Microsoft Visual Studio Solution File, Format Version 12.00
# Visual Studio 15
VisualStudioVersion = 15.0.27703.2042
MinimumVisualStudioVersion = 10.0.40219.1
Project("{FAE04EC0-301F-11D3-BF4B-00C04F79EFBC}") = "FirstConsole", "FirstConsole\FirstConsole.csproj", "{695B7944-A3B3-4E66-BE70-8AC96213C703}"
EndProject
Global
	GlobalSection(SolutionConfigurationPlatforms) = preSolution
		Debug|Any CPU = Debug|Any CPU
		Release|Any CPU = Release|Any CPU
	EndGlobalSection
	GlobalSection(ProjectConfigurationPlatforms) = postSolution
		{695B7944-A3B3-4E66-BE70-8AC96213C703}.Debug|Any CPU.ActiveCfg = Debug|Any CPU
		{695B7944-A3B3-4E66-BE70-8AC96213C703}.Debug|Any CPU.Build.0 = Debug|Any CPU
		{695B7944-A3B3-4E66-BE70-8AC96213C703}.Release|Any CPU.ActiveCfg = Release|Any CPU
		{695B7944-A3B3-4E66-BE70-8AC96213C703}.Release|Any CPU.Build.0 = Release|Any CPU
	EndGlobalSection
	GlobalSection(SolutionProperties) = preSolution
		HideSolutionNode = FALSE
	EndGlobalSection
	GlobalSection(ExtensibilityGlobals) = postSolution
		SolutionGuid = {53EB852F-8F18-4D2F-A01B-D7E720447C07}
	EndGlobalSection
EndGlobal
